// !$*UTF8*$!
{
	archiveVersion = 1;
	classes = {
	};
	objectVersion = 46;
	objects = {

/* Begin PBXBuildFile section */
		BA0FE4601C14FB01003D8349 /* AppDelegate.swift in Sources */ = {isa = PBXBuildFile; fileRef = BA0FE45F1C14FB01003D8349 /* AppDelegate.swift */; };
		BA0FE4621C14FB01003D8349 /* ViewController.swift in Sources */ = {isa = PBXBuildFile; fileRef = BA0FE4611C14FB01003D8349 /* ViewController.swift */; };
		BA0FE4651C14FB02003D8349 /* Main.storyboard in Resources */ = {isa = PBXBuildFile; fileRef = BA0FE4631C14FB02003D8349 /* Main.storyboard */; };
		BA0FE4671C14FB02003D8349 /* Assets.xcassets in Resources */ = {isa = PBXBuildFile; fileRef = BA0FE4661C14FB02003D8349 /* Assets.xcassets */; };
		BA0FE46A1C14FB02003D8349 /* LaunchScreen.storyboard in Resources */ = {isa = PBXBuildFile; fileRef = BA0FE4681C14FB02003D8349 /* LaunchScreen.storyboard */; };
		BA0FE4721C14FB9B003D8349 /* Datos.swift in Sources */ = {isa = PBXBuildFile; fileRef = BA0FE4711C14FB9B003D8349 /* Datos.swift */; };
/* End PBXBuildFile section */

/* Begin PBXFileReference section */
		BA0FE45C1C14FB01003D8349 /* Hamburguesas.app */ = {isa = PBXFileReference; explicitFileType = wrapper.application; includeInIndex = 0; path = Hamburguesas.app; sourceTree = BUILT_PRODUCTS_DIR; };
		BA0FE45F1C14FB01003D8349 /* AppDelegate.swift */ = {isa = PBXFileReference; lastKnownFileType = sourcecode.swift; path = AppDelegate.swift; sourceTree = "<group>"; };
		BA0FE4611C14FB01003D8349 /* ViewController.swift */ = {isa = PBXFileReference; lastKnownFileType = sourcecode.swift; path = ViewController.swift; sourceTree = "<group>"; };
		BA0FE4641C14FB02003D8349 /* Base */ = {isa = PBXFileReference; lastKnownFileType = file.storyboard; name = Base; path = Base.lproj/Main.storyboard; sourceTree = "<group>"; };
		BA0FE4661C14FB02003D8349 /* Assets.xcassets */ = {isa = PBXFileReference; lastKnownFileType = folder.assetcatalog; path = Assets.xcassets; sourceTree = "<group>"; };
		BA0FE4691C14FB02003D8349 /* Base */ = {isa = PBXFileReference; lastKnownFileType = file.storyboard; name = Base; path = Base.lproj/LaunchScreen.storyboard; sourceTree = "<group>"; };
		BA0FE46B1C14FB02003D8349 /* Info.plist */ = {isa = PBXFileReference; lastKnownFileType = text.plist.xml; path = Info.plist; sourceTree = "<group>"; };
		BA0FE4711C14FB9B003D8349 /* Datos.swift */ = {isa = PBXFileReference; fileEncoding = 4; lastKnownFileType = sourcecode.swift; path = Datos.swift; sourceTree = "<group>"; };
/* End PBXFileReference section */

/* Begin PBXFrameworksBuildPhase section */
		BA0FE4591C14FB01003D8349 /* Frameworks */ = {
			isa = PBXFrameworksBuildPhase;
			buildActionMask = 2147483647;
			files = (
			);
			runOnlyForDeploymentPostprocessing = 0;
		};
/* End PBXFrameworksBuildPhase section */

/* Begin PBXGroup section */
		BA0FE4531C14FB01003D8349 = {
			isa = PBXGroup;
			children = (
				BA0FE45E1C14FB01003D8349 /* Hamburguesas */,
				BA0FE45D1C14FB01003D8349 /* Products */,
			);
			sourceTree = "<group>";
		};
		BA0FE45D1C14FB01003D8349 /* Products */ = {
			isa = PBXGroup;
			children = (
				BA0FE45C1C14FB01003D8349 /* Hamburguesas.app */,
			);
			name = Products;
			sourceTree = "<group>";
		};
		BA0FE45E1C14FB01003D8349 /* Hamburguesas */ = {
			isa = PBXGroup;
			children = (
				BA0FE45F1C14FB01003D8349 /* AppDelegate.swift */,
				BA0FE4611C14FB01003D8349 /* ViewController.swift */,
				BA0FE4631C14FB02003D8349 /* Main.storyboard */,
				BA0FE4661C14FB02003D8349 /* Assets.xcassets */,
				BA0FE4681C14FB02003D8349 /* LaunchScreen.storyboard */,
				BA0FE46B1C14FB02003D8349 /* Info.plist */,
				BA0FE4711C14FB9B003D8349 /* Datos.swift */,
			);
			path = Hamburguesas;
			sourceTree = "<group>";
		};
/* End PBXGroup section */

/* Begin PBXNativeTarget section */
		BA0FE45B1C14FB01003D8349 /* Hamburguesas */ = {
			isa = PBXNativeTarget;
			buildConfigurationList = BA0FE46E1C14FB02003D8349 /* Build configuration list for PBXNativeTarget "Hamburguesas" */;
			buildPhases = (
				BA0FE4581C14FB01003D8349 /* Sources */,
				BA0FE4591C14FB01003D8349 /* Frameworks */,
				BA0FE45A1C14FB01003D8349 /* Resources */,
			);
			buildRules = (
			);
			dependencies = (
			);
			name = Hamburguesas;
			productName = Hamburguesas;
			productReference = BA0FE45C1C14FB01003D8349 /* Hamburguesas.app */;
			productType = "com.apple.product-type.application";
		};
/* End PBXNativeTarget section */

/* Begin PBXProject section */
		BA0FE4541C14FB01003D8349 /* Project object */ = {
			isa = PBXProject;
			attributes = {
				LastSwiftUpdateCheck = 0720;
				LastUpgradeCheck = 0720;
				ORGANIZATIONNAME = Jenny;
				TargetAttributes = {
					BA0FE45B1C14FB01003D8349 = {
						CreatedOnToolsVersion = 7.2;
					};
				};
			};
			buildConfigurationList = BA0FE4571C14FB01003D8349 /* Build configuration list for PBXProject "Hamburguesas" */;
			compatibilityVersion = "Xcode 3.2";
			developmentRegion = English;
			hasScannedForEncodings = 0;
			knownRegions = (
				en,
				Base,
			);
			mainGroup = BA0FE4531C14FB01003D8349;
			productRefGroup = BA0FE45D1C14FB01003D8349 /* Products */;
			projectDirPath = "";
			projectRoot = "";
			targets = (
				BA0FE45B1C14FB01003D8349 /* Hamburguesas */,
			);
		};
/* End PBXProject section */

/* Begin PBXResourcesBuildPhase section */
		BA0FE45A1C14FB01003D8349 /* Resources */ = {
			isa = PBXResourcesBuildPhase;
			buildActionMask = 2147483647;
			files = (
				BA0FE46A1C14FB02003D8349 /* LaunchScreen.storyboard in Resources */,
				BA0FE4671C14FB02003D8349 /* Assets.xcassets in Resources */,
				BA0FE4651C14FB02003D8349 /* Main.storyboard in Resources */,
			);
			runOnlyForDeploymentPostprocessing = 0;
		};
/* End PBXResourcesBuildPhase section */

/* Begin PBXSourcesBuildPhase section */
		BA0FE4581C14FB01003D8349 /* Sources */ = {
			isa = PBXSourcesBuildPhase;
			buildActionMask = 2147483647;
			files = (
				BA0FE4621C14FB01003D8349 /* ViewController.swift in Sources */,
				BA0FE4601C14FB01003D8349 /* AppDelegate.swift in Sources */,
				BA0FE4721C14FB9B003D8349 /* Datos.swift in Sources */,
			);
			runOnlyForDeploymentPostprocessing = 0;
		};
/* End PBXSourcesBuildPhase section */

/* Begin PBXVariantGroup section */
		BA0FE4631C14FB02003D8349 /* Main.storyboard */ = {
			isa = PBXVariantGroup;
			children = (
				BA0FE4641C14FB02003D8349 /* Base */,
			);
			name = Main.storyboard;
			sourceTree = "<group>";
		};
		BA0FE4681C14FB02003D8349 /* LaunchScreen.storyboard */ = {
			isa = PBXVariantGroup;
			children = (
				BA0FE4691C14FB02003D8349 /* Base */,
			);
			name = LaunchScreen.storyboard;
			sourceTree = "<group>";
		};
/* End PBXVariantGroup section */

/* Begin XCBuildConfiguration section */
		BA0FE46C1C14FB02003D8349 /* Debug */ = {
			isa = XCBuildConfiguration;
			buildSettings = {
				ALWAYS_SEARCH_USER_PATHS = NO;
				CLANG_CXX_LANGUAGE_STANDARD = "gnu++0x";
				CLANG_CXX_LIBRARY = "libc++";
				CLANG_ENABLE_MODULES = YES;
				CLANG_ENABLE_OBJC_ARC = YES;
				CLANG_WARN_BOOL_CONVERSION = YES;
				CLANG_WARN_CONSTANT_CONVERSION = YES;
				CLANG_WARN_DIRECT_OBJC_ISA_USAGE = YES_ERROR;
				CLANG_WARN_EMPTY_BODY = YES;
				CLANG_WARN_ENUM_CONVERSION = YES;
				CLANG_WARN_INT_CONVERSION = YES;
				CLANG_WARN_OBJC_ROOT_CLASS = YES_ERROR;
				CLANG_WARN_UNREACHABLE_CODE = YES;
				CLANG_WARN__DUPLICATE_METHOD_MATCH = YES;
				"CODE_SIGN_IDENTITY[sdk=iphoneos*]" = "iPhone Developer";
				COPY_PHASE_STRIP = NO;
				DEBUG_INFORMATION_FORMAT = dwarf;
				ENABLE_STRICT_OBJC_MSGSEND = YES;
				ENABLE_TESTABILITY = YES;
				GCC_C_LANGUAGE_STANDARD = gnu99;
				GCC_DYNAMIC_NO_PIC = NO;
				GCC_NO_COMMON_BLOCKS = YES;
				GCC_OPTIMIZATION_LEVEL = 0;
				GCC_PREPROCESSOR_DEFINITIONS = (
					"DEBUG=1",
					"$(inherited)",
				);
				GCC_WARN_64_TO_32_BIT_CONVERSION = YES;
				GCC_WARN_ABOUT_RETURN_TYPE = YES_ERROR;
				GCC_WARN_UNDECLARED_SELECTOR = YES;
				GCC_WARN_UNINITIALIZED_AUTOS = YES_AGGRESSIVE;
				GCC_WARN_UNUSED_FUNCTION = YES;
				GCC_WARN_UNUSED_VARIABLE = YES;
				IPHONEOS_DEPLOYMENT_TARGET = 9.2;
				MTL_ENABLE_DEBUG_INFO = YES;
				ONLY_ACTIVE_ARCH = YES;
				SDKROOT = iphoneos;
				SWIFT_OPTIMIZATION_LEVEL = "-Onone";
			};
			name = Debug;
		};
		BA0FE46D1C14FB02003D8349 /* Release */ = {
			isa = XCBuildConfiguration;
			buildSettings = {
				ALWAYS_SEARCH_USER_PATHS = NO;
				CLANG_CXX_LANGUAGE_STANDARD = "gnu++0x";
				CLANG_CXX_LIBRARY = "libc++";
				CLANG_ENABLE_MODULES = YES;
				CLANG_ENABLE_OBJC_ARC = YES;
				CLANG_WARN_BOOL_CONVERSION = YES;
				CLANG_WARN_CONSTANT_CONVERSION = YES;
				CLANG_WARN_DIRECT_OBJC_ISA_USAGE = YES_ERROR;
				CLANG_WARN_EMPTY_BODY = YES;
				CLANG_WARN_ENUM_CONVERSION = YES;
				CLANG_WARN_INT_CONVERSION = YES;
				CLANG_WARN_OBJC_ROOT_CLASS = YES_ERROR;
				CLANG_WARN_UNREACHABLE_CODE = YES;
				CLANG_WARN__DUPLICATE_METHOD_MATCH = YES;
				"CODE_SIGN_IDENTITY[sdk=iphoneos*]" = "iPhone Developer";
				COPY_PHASE_STRIP = NO;
				DEBUG_INFORMATION_FORMAT = "dwarf-with-dsym";
				ENABLE_NS_ASSERTIONS = NO;
				ENABLE_STRICT_OBJC_MSGSEND = YES;
				GCC_C_LANGUAGE_STANDARD = gnu99;
				GCC_NO_COMMON_BLOCKS = YES;
				GCC_WARN_64_TO_32_BIT_CONVERSION = YES;
				GCC_WARN_ABOUT_RETURN_TYPE = YES_ERROR;
				GCC_WARN_UNDECLARED_SELECTOR = YES;
				GCC_WARN_UNINITIALIZED_AUTOS = YES_AGGRESSIVE;
				GCC_WARN_UNUSED_FUNCTION = YES;
				GCC_WARN_UNUSED_VARIABLE = YES;
				IPHONEOS_DEPLOYMENT_TARGET = 9.2;
				MTL_ENABLE_DEBUG_INFO = NO;
				SDKROOT = iphoneos;
				VALIDATE_PRODUCT = YES;
			};
			name = Release;
		};
		BA0FE46F1C14FB02003D8349 /* Debug */ = {
			isa = XCBuildConfiguration;
			buildSettings = {
				ASSETCATALOG_COMPILER_APPICON_NAME = AppIcon;
				INFOPLIST_FILE = Hamburguesas/Info.plist;
				LD_RUNPATH_SEARCH_PATHS = "$(inherited) @executable_path/Frameworks";
				PRODUCT_BUNDLE_IDENTIFIER = casa.Hamburguesas;
				PRODUCT_NAME = "$(TARGET_NAME)";
			};
			name = Debug;
		};
		BA0FE4701C14FB02003D8349 /* Release */ = {
			isa = XCBuildConfiguration;
			buildSettings = {
				ASSETCATALOG_COMPILER_APPICON_NAME = AppIcon;
				INFOPLIST_FILE = Hamburguesas/Info.plist;
				LD_RUNPATH_SEARCH_PATHS = "$(inherited) @executable_path/Frameworks";
				PRODUCT_BUNDLE_IDENTIFIER = casa.Hamburguesas;
				PRODUCT_NAME = "$(TARGET_NAME)";
			};
			name = Release;
		};
/* End XCBuildConfiguration section */

/* Begin XCConfigurationList section */
		BA0FE4571C14FB01003D8349 /* Build configuration list for PBXProject "Hamburguesas" */ = {
			isa = XCConfigurationList;
			buildConfigurations = (
				BA0FE46C1C14FB02003D8349 /* Debug */,
				BA0FE46D1C14FB02003D8349 /* Release */,
			);
			defaultConfigurationIsVisible = 0;
			defaultConfigurationName = Release;
		};
		BA0FE46E1C14FB02003D8349 /* Build configuration list for PBXNativeTarget "Hamburguesas" */ = {
			isa = XCConfigurationList;
			buildConfigurations = (
				BA0FE46F1C14FB02003D8349 /* Debug */,
				BA0FE4701C14FB02003D8349 /* Release */,
			);
			defaultConfigurationIsVisible = 0;
		};
/* End XCConfigurationList section */
	};
	rootObject = BA0FE4541C14FB01003D8349 /* Project object */;
}
